
Microsoft Visual Studio Solution File, Format Version 12.00
# Visual Studio Version 16
VisualStudioVersion = 16.0.29911.84
MinimumVisualStudioVersion = 10.0.40219.1
Project("{FAE04EC0-301F-11D3-BF4B-00C04F79EFBC}") = "SalesWebMvc", "SalesWebMvc\SalesWebMvc.csproj", "{000C73FD-17B8-4E1E-A26B-2C2AEBE1AB8C}"
EndProject
Global
	GlobalSection(SolutionConfigurationPlatforms) = preSolution
		Debug|Any CPU = Debug|Any CPU
		Release|Any CPU = Release|Any CPU
	EndGlobalSection
	GlobalSection(ProjectConfigurationPlatforms) = postSolution
		{000C73FD-17B8-4E1E-A26B-2C2AEBE1AB8C}.Debug|Any CPU.ActiveCfg = Debug|Any CPU
		{000C73FD-17B8-4E1E-A26B-2C2AEBE1AB8C}.Debug|Any CPU.Build.0 = Debug|Any CPU
		{000C73FD-17B8-4E1E-A26B-2C2AEBE1AB8C}.Release|Any CPU.ActiveCfg = Release|Any CPU
		{000C73FD-17B8-4E1E-A26B-2C2AEBE1AB8C}.Release|Any CPU.Build.0 = Release|Any CPU
	EndGlobalSection
	GlobalSection(SolutionProperties) = preSolution
		HideSolutionNode = FALSE
	EndGlobalSection
	GlobalSection(ExtensibilityGlobals) = postSolution
		SolutionGuid = {9C37EB37-DA3C-4CC1-AA92-469A3F528A57}
	EndGlobalSection
EndGlobal
